
Microsoft Visual Studio Solution File, Format Version 12.00
# Visual Studio 14
VisualStudioVersion = 14.0.25420.1
MinimumVisualStudioVersion = 10.0.40219.1
Project("{8BC9CEB8-8B4A-11D0-8D11-00A0C91BC942}") = "CheatMenu", "CheatMenu\CheatMenu.vcxproj.vcxproj", "{B212DDA4-2A8E-45B2-914D-7BEEB31D06B1}"
EndProject
Global
	GlobalSection(SolutionConfigurationPlatforms) = preSolution
		GTASA Release|x86 = GTASA Release|x86
		GTASA zDebug|x86 = GTASA zDebug|x86
	EndGlobalSection
	GlobalSection(ProjectConfigurationPlatforms) = postSolution
		{B212DDA4-2A8E-45B2-914D-7BEEB31D06B1}.GTASA Release|x86.ActiveCfg = GTASA Release|Win32
		{B212DDA4-2A8E-45B2-914D-7BEEB31D06B1}.GTASA Release|x86.Build.0 = GTASA Release|Win32
		{B212DDA4-2A8E-45B2-914D-7BEEB31D06B1}.GTASA zDebug|x86.ActiveCfg = GTASA zDebug|Win32
		{B212DDA4-2A8E-45B2-914D-7BEEB31D06B1}.GTASA zDebug|x86.Build.0 = GTASA zDebug|Win32
	EndGlobalSection
	GlobalSection(SolutionProperties) = preSolution
		HideSolutionNode = FALSE
	EndGlobalSection
EndGlobal
