<?xml version="1.0" encoding="utf-8"?>
<Project ToolsVersion="4.0" xmlns="http://schemas.microsoft.com/developer/msbuild/2003">
  <ItemGroup>
    <ClCompile Include="CheatMenu.cpp" />
    <ClCompile Include="Animation.cpp" />
    <ClCompile Include="Game.cpp" />
    <ClCompile Include="Hook.cpp" />
    <ClCompile Include="Json.cpp" />
    <ClCompile Include="Menu.cpp" />
    <ClCompile Include="MoreEvents.cpp" />
    <ClCompile Include="Neon.cpp" />
    <ClCompile Include="Paint.cpp" />
    <ClCompile Include="pch.cpp" />
    <ClCompile Include="Ped.cpp" />
    <ClCompile Include="Player.cpp" />
    <ClCompile Include="Teleport.cpp" />
    <ClCompile Include="Ui.cpp" />
    <ClCompile Include="Updater.cpp" />
    <ClCompile Include="Util.cpp" />
    <ClCompile Include="Vehicle.cpp" />
    <ClCompile Include="Visual.cpp" />
    <ClCompile Include="Weapon.cpp" />
  </ItemGroup>
  <ItemGroup>
    <ClInclude Include="Animation.h" />
    <ClInclude Include="CheatMenu.h" />
    <ClInclude Include="Game.h" />
    <ClInclude Include="Hook.h" />
    <ClInclude Include="Json.h" />
    <ClInclude Include="Menu.h" />
    <ClInclude Include="MenuInfo.h" />
    <ClInclude Include="MoreEvents.h" />
    <ClInclude Include="Neon.h" />
    <ClInclude Include="Paint.h" />
    <ClInclude Include="pch.h" />
    <ClInclude Include="Ped.h" />
    <ClInclude Include="Player.h" />
    <ClInclude Include="Teleport.h" />
    <ClInclude Include="TimeCycle.h" />
    <ClInclude Include="Ui.h" />
    <ClInclude Include="Updater.h" />
    <ClInclude Include="Util.h" />
    <ClInclude Include="VehExtender.h" />
    <ClInclude Include="Vehicle.h" />
    <ClInclude Include="Visual.h" />
    <ClInclude Include="VKeys.h" />
    <ClInclude Include="Weapon.h" />
  </ItemGroup>
</Project>